// !$*UTF8*$!
{
	archiveVersion = 1;
	classes = {
	};
	objectVersion = 46;
	objects = {

/* Begin PBXBuildFile section */
		D912BE9C1E85A5FB00C53CB2 /* ConversationsListViewController.swift in Sources */ = {isa = PBXBuildFile; fileRef = D912BE9B1E85A5FB00C53CB2 /* ConversationsListViewController.swift */; };
		D912BE9F1E85B32100C53CB2 /* ContactModel.swift in Sources */ = {isa = PBXBuildFile; fileRef = D912BE9E1E85B32100C53CB2 /* ContactModel.swift */; };
		D91826AE1E901A420079E533 /* ProfileModel.swift in Sources */ = {isa = PBXBuildFile; fileRef = D91826AD1E901A420079E533 /* ProfileModel.swift */; };
		D944D8BE1E85E0F4004BAD8F /* ContactTableViewCell.swift in Sources */ = {isa = PBXBuildFile; fileRef = D944D8BD1E85E0F4004BAD8F /* ContactTableViewCell.swift */; };
		D96578E31EAD1340009C4F19 /* ProfileDataManager.swift in Sources */ = {isa = PBXBuildFile; fileRef = D96578E21EAD1340009C4F19 /* ProfileDataManager.swift */; };
		D9A40D741EAD0082006445CC /* CommunicatorManager.swift in Sources */ = {isa = PBXBuildFile; fileRef = D9A40D731EAD0082006445CC /* CommunicatorManager.swift */; };
		D9C350511E954F6400E08854 /* Communitator.swift in Sources */ = {isa = PBXBuildFile; fileRef = D9C350501E954F6400E08854 /* Communitator.swift */; };
		D9CD8E731E868FFF004CD465 /* ConversationViewController.swift in Sources */ = {isa = PBXBuildFile; fileRef = D9CD8E721E868FFF004CD465 /* ConversationViewController.swift */; };
		D9CD8E751E86942E004CD465 /* MessageCell.swift in Sources */ = {isa = PBXBuildFile; fileRef = D9CD8E741E86942E004CD465 /* MessageCell.swift */; };
		D9CD8E771E869828004CD465 /* MessageModel.swift in Sources */ = {isa = PBXBuildFile; fileRef = D9CD8E761E869828004CD465 /* MessageModel.swift */; };
		D9ED50211E917AEF00300278 /* GCDDataManager.swift in Sources */ = {isa = PBXBuildFile; fileRef = D9ED50201E917AEF00300278 /* GCDDataManager.swift */; };
		D9F756C31E6DF37500F81911 /* AppDelegate.swift in Sources */ = {isa = PBXBuildFile; fileRef = D9F756C21E6DF37500F81911 /* AppDelegate.swift */; };
		D9F756C51E6DF37500F81911 /* ProfileViewController.swift in Sources */ = {isa = PBXBuildFile; fileRef = D9F756C41E6DF37500F81911 /* ProfileViewController.swift */; };
		D9F756C81E6DF37500F81911 /* Main.storyboard in Resources */ = {isa = PBXBuildFile; fileRef = D9F756C61E6DF37500F81911 /* Main.storyboard */; };
		D9F756CA1E6DF37500F81911 /* Assets.xcassets in Resources */ = {isa = PBXBuildFile; fileRef = D9F756C91E6DF37500F81911 /* Assets.xcassets */; };
		D9F756CD1E6DF37500F81911 /* LaunchScreen.storyboard in Resources */ = {isa = PBXBuildFile; fileRef = D9F756CB1E6DF37500F81911 /* LaunchScreen.storyboard */; };
		D9F9EF511E92910E002EAE57 /* SaveDataOperation.swift in Sources */ = {isa = PBXBuildFile; fileRef = D9F9EF501E92910E002EAE57 /* SaveDataOperation.swift */; };
		D9F9EF531E92BF19002EAE57 /* OperationDataManager.swift in Sources */ = {isa = PBXBuildFile; fileRef = D9F9EF521E92BF19002EAE57 /* OperationDataManager.swift */; };
		D9F9EF561E92C04D002EAE57 /* DataManager.swift in Sources */ = {isa = PBXBuildFile; fileRef = D9F9EF551E92C04D002EAE57 /* DataManager.swift */; };
		D9F9EF581E92CC16002EAE57 /* LoadDataOperation.swift in Sources */ = {isa = PBXBuildFile; fileRef = D9F9EF571E92CC16002EAE57 /* LoadDataOperation.swift */; };
/* End PBXBuildFile section */

/* Begin PBXFileReference section */
		D912BE9B1E85A5FB00C53CB2 /* ConversationsListViewController.swift */ = {isa = PBXFileReference; fileEncoding = 4; lastKnownFileType = sourcecode.swift; path = ConversationsListViewController.swift; sourceTree = "<group>"; };
		D912BE9E1E85B32100C53CB2 /* ContactModel.swift */ = {isa = PBXFileReference; fileEncoding = 4; lastKnownFileType = sourcecode.swift; path = ContactModel.swift; sourceTree = "<group>"; };
		D91826AD1E901A420079E533 /* ProfileModel.swift */ = {isa = PBXFileReference; fileEncoding = 4; lastKnownFileType = sourcecode.swift; path = ProfileModel.swift; sourceTree = "<group>"; };
		D944D8BD1E85E0F4004BAD8F /* ContactTableViewCell.swift */ = {isa = PBXFileReference; fileEncoding = 4; lastKnownFileType = sourcecode.swift; path = ContactTableViewCell.swift; sourceTree = "<group>"; };
		D96578E21EAD1340009C4F19 /* ProfileDataManager.swift */ = {isa = PBXFileReference; fileEncoding = 4; lastKnownFileType = sourcecode.swift; path = ProfileDataManager.swift; sourceTree = "<group>"; };
		D9A40D731EAD0082006445CC /* CommunicatorManager.swift */ = {isa = PBXFileReference; fileEncoding = 4; lastKnownFileType = sourcecode.swift; path = CommunicatorManager.swift; sourceTree = "<group>"; };
		D9C350501E954F6400E08854 /* Communitator.swift */ = {isa = PBXFileReference; fileEncoding = 4; lastKnownFileType = sourcecode.swift; path = Communitator.swift; sourceTree = "<group>"; };
		D9CD8E721E868FFF004CD465 /* ConversationViewController.swift */ = {isa = PBXFileReference; fileEncoding = 4; lastKnownFileType = sourcecode.swift; path = ConversationViewController.swift; sourceTree = "<group>"; };
		D9CD8E741E86942E004CD465 /* MessageCell.swift */ = {isa = PBXFileReference; fileEncoding = 4; lastKnownFileType = sourcecode.swift; path = MessageCell.swift; sourceTree = "<group>"; };
		D9CD8E761E869828004CD465 /* MessageModel.swift */ = {isa = PBXFileReference; fileEncoding = 4; lastKnownFileType = sourcecode.swift; path = MessageModel.swift; sourceTree = "<group>"; };
		D9ED50201E917AEF00300278 /* GCDDataManager.swift */ = {isa = PBXFileReference; fileEncoding = 4; lastKnownFileType = sourcecode.swift; path = GCDDataManager.swift; sourceTree = "<group>"; };
		D9F756BF1E6DF37500F81911 /* TinkoffChat.app */ = {isa = PBXFileReference; explicitFileType = wrapper.application; includeInIndex = 0; path = TinkoffChat.app; sourceTree = BUILT_PRODUCTS_DIR; };
		D9F756C21E6DF37500F81911 /* AppDelegate.swift */ = {isa = PBXFileReference; lastKnownFileType = sourcecode.swift; path = AppDelegate.swift; sourceTree = "<group>"; };
		D9F756C41E6DF37500F81911 /* ProfileViewController.swift */ = {isa = PBXFileReference; lastKnownFileType = sourcecode.swift; path = ProfileViewController.swift; sourceTree = "<group>"; };
		D9F756C71E6DF37500F81911 /* Base */ = {isa = PBXFileReference; lastKnownFileType = file.storyboard; name = Base; path = Base.lproj/Main.storyboard; sourceTree = "<group>"; };
		D9F756C91E6DF37500F81911 /* Assets.xcassets */ = {isa = PBXFileReference; lastKnownFileType = folder.assetcatalog; path = Assets.xcassets; sourceTree = "<group>"; };
		D9F756CC1E6DF37500F81911 /* Base */ = {isa = PBXFileReference; lastKnownFileType = file.storyboard; name = Base; path = Base.lproj/LaunchScreen.storyboard; sourceTree = "<group>"; };
		D9F756CE1E6DF37500F81911 /* Info.plist */ = {isa = PBXFileReference; lastKnownFileType = text.plist.xml; path = Info.plist; sourceTree = "<group>"; };
		D9F9EF501E92910E002EAE57 /* SaveDataOperation.swift */ = {isa = PBXFileReference; fileEncoding = 4; lastKnownFileType = sourcecode.swift; path = SaveDataOperation.swift; sourceTree = "<group>"; };
		D9F9EF521E92BF19002EAE57 /* OperationDataManager.swift */ = {isa = PBXFileReference; fileEncoding = 4; lastKnownFileType = sourcecode.swift; path = OperationDataManager.swift; sourceTree = "<group>"; };
		D9F9EF551E92C04D002EAE57 /* DataManager.swift */ = {isa = PBXFileReference; fileEncoding = 4; lastKnownFileType = sourcecode.swift; path = DataManager.swift; sourceTree = "<group>"; };
		D9F9EF571E92CC16002EAE57 /* LoadDataOperation.swift */ = {isa = PBXFileReference; fileEncoding = 4; lastKnownFileType = sourcecode.swift; path = LoadDataOperation.swift; sourceTree = "<group>"; };
/* End PBXFileReference section */

/* Begin PBXFrameworksBuildPhase section */
		D9F756BC1E6DF37500F81911 /* Frameworks */ = {
			isa = PBXFrameworksBuildPhase;
			buildActionMask = 2147483647;
			files = (
			);
			runOnlyForDeploymentPostprocessing = 0;
		};
/* End PBXFrameworksBuildPhase section */

/* Begin PBXGroup section */
		D912BE9D1E85B30800C53CB2 /* Model */ = {
			isa = PBXGroup;
			children = (
				D912BE9E1E85B32100C53CB2 /* ContactModel.swift */,
				D9CD8E761E869828004CD465 /* MessageModel.swift */,
				D91826AD1E901A420079E533 /* ProfileModel.swift */,
			);
			path = Model;
			sourceTree = "<group>";
		};
		D9BC87841EA0DA10006701EC /* VC */ = {
			isa = PBXGroup;
			children = (
				D9CD8E721E868FFF004CD465 /* ConversationViewController.swift */,
				D912BE9B1E85A5FB00C53CB2 /* ConversationsListViewController.swift */,
				D9F756C41E6DF37500F81911 /* ProfileViewController.swift */,
			);
			path = VC;
			sourceTree = "<group>";
		};
		D9C668A11EAA411F00F555D5 /* CoreLayer */ = {
			isa = PBXGroup;
			children = (
				D9C668A31EAA414E00F555D5 /* Data */,
				D9C668A21EAA413C00F555D5 /* Networking */,
			);
			path = CoreLayer;
			sourceTree = "<group>";
		};
		D9C668A21EAA413C00F555D5 /* Networking */ = {
			isa = PBXGroup;
			children = (
				D9C350501E954F6400E08854 /* Communitator.swift */,
			);
			path = Networking;
			sourceTree = "<group>";
		};
		D9C668A31EAA414E00F555D5 /* Data */ = {
			isa = PBXGroup;
			children = (
				D9F9EF551E92C04D002EAE57 /* DataManager.swift */,
				D9ED50201E917AEF00300278 /* GCDDataManager.swift */,
				D9F9EF571E92CC16002EAE57 /* LoadDataOperation.swift */,
				D9F9EF521E92BF19002EAE57 /* OperationDataManager.swift */,
				D9F9EF501E92910E002EAE57 /* SaveDataOperation.swift */,
			);
			path = Data;
			sourceTree = "<group>";
		};
		D9C668A41EAA41E000F555D5 /* ServiceLayer */ = {
			isa = PBXGroup;
			children = (
				D9A40D731EAD0082006445CC /* CommunicatorManager.swift */,
				D96578E21EAD1340009C4F19 /* ProfileDataManager.swift */,
			);
			path = ServiceLayer;
			sourceTree = "<group>";
		};
		D9C668A51EAA426E00F555D5 /* PresentationLayer */ = {
			isa = PBXGroup;
			children = (
				D912BE9D1E85B30800C53CB2 /* Model */,
				D9BC87841EA0DA10006701EC /* VC */,
				D944D8BD1E85E0F4004BAD8F /* ContactTableViewCell.swift */,
				D9CD8E741E86942E004CD465 /* MessageCell.swift */,
			);
			path = PresentationLayer;
			sourceTree = "<group>";
		};
		D9F756B61E6DF37500F81911 = {
			isa = PBXGroup;
			children = (
				D9F756C01E6DF37500F81911 /* Products */,
				D9F756C11E6DF37500F81911 /* TinkoffChat */,
			);
			sourceTree = "<group>";
		};
		D9F756C01E6DF37500F81911 /* Products */ = {
			isa = PBXGroup;
			children = (
				D9F756BF1E6DF37500F81911 /* TinkoffChat.app */,
			);
			name = Products;
			sourceTree = "<group>";
		};
		D9F756C11E6DF37500F81911 /* TinkoffChat */ = {
			isa = PBXGroup;
			children = (
				D9C668A11EAA411F00F555D5 /* CoreLayer */,
				D9C668A51EAA426E00F555D5 /* PresentationLayer */,
				D9C668A41EAA41E000F555D5 /* ServiceLayer */,
				D9F756C21E6DF37500F81911 /* AppDelegate.swift */,
				D9F756C91E6DF37500F81911 /* Assets.xcassets */,
				D9F756CE1E6DF37500F81911 /* Info.plist */,
				D9F756CB1E6DF37500F81911 /* LaunchScreen.storyboard */,
				D9F756C61E6DF37500F81911 /* Main.storyboard */,
			);
			path = TinkoffChat;
			sourceTree = "<group>";
		};
/* End PBXGroup section */

/* Begin PBXNativeTarget section */
		D9F756BE1E6DF37500F81911 /* TinkoffChat */ = {
			isa = PBXNativeTarget;
			buildConfigurationList = D9F756D11E6DF37500F81911 /* Build configuration list for PBXNativeTarget "TinkoffChat" */;
			buildPhases = (
				D9F756BB1E6DF37500F81911 /* Sources */,
				D9F756BC1E6DF37500F81911 /* Frameworks */,
				D9F756BD1E6DF37500F81911 /* Resources */,
			);
			buildRules = (
			);
			dependencies = (
			);
			name = TinkoffChat;
			productName = TinkoffChat;
			productReference = D9F756BF1E6DF37500F81911 /* TinkoffChat.app */;
			productType = "com.apple.product-type.application";
		};
/* End PBXNativeTarget section */

/* Begin PBXProject section */
		D9F756B71E6DF37500F81911 /* Project object */ = {
			isa = PBXProject;
			attributes = {
				LastSwiftUpdateCheck = 0820;
				LastUpgradeCheck = 0820;
				ORGANIZATIONNAME = Vasily;
				TargetAttributes = {
					D9F756BE1E6DF37500F81911 = {
						CreatedOnToolsVersion = 8.2.1;
						DevelopmentTeam = 267PJJJ98S;
						ProvisioningStyle = Automatic;
					};
				};
			};
			buildConfigurationList = D9F756BA1E6DF37500F81911 /* Build configuration list for PBXProject "TinkoffChat" */;
			compatibilityVersion = "Xcode 3.2";
			developmentRegion = English;
			hasScannedForEncodings = 0;
			knownRegions = (
				en,
				Base,
			);
			mainGroup = D9F756B61E6DF37500F81911;
			productRefGroup = D9F756C01E6DF37500F81911 /* Products */;
			projectDirPath = "";
			projectRoot = "";
			targets = (
				D9F756BE1E6DF37500F81911 /* TinkoffChat */,
			);
		};
/* End PBXProject section */

/* Begin PBXResourcesBuildPhase section */
		D9F756BD1E6DF37500F81911 /* Resources */ = {
			isa = PBXResourcesBuildPhase;
			buildActionMask = 2147483647;
			files = (
				D9F756CD1E6DF37500F81911 /* LaunchScreen.storyboard in Resources */,
				D9F756CA1E6DF37500F81911 /* Assets.xcassets in Resources */,
				D9F756C81E6DF37500F81911 /* Main.storyboard in Resources */,
			);
			runOnlyForDeploymentPostprocessing = 0;
		};
/* End PBXResourcesBuildPhase section */

/* Begin PBXSourcesBuildPhase section */
		D9F756BB1E6DF37500F81911 /* Sources */ = {
			isa = PBXSourcesBuildPhase;
			buildActionMask = 2147483647;
			files = (
				D9F9EF511E92910E002EAE57 /* SaveDataOperation.swift in Sources */,
				D9C350511E954F6400E08854 /* Communitator.swift in Sources */,
				D9ED50211E917AEF00300278 /* GCDDataManager.swift in Sources */,
				D96578E31EAD1340009C4F19 /* ProfileDataManager.swift in Sources */,
				D9CD8E751E86942E004CD465 /* MessageCell.swift in Sources */,
				D9F9EF581E92CC16002EAE57 /* LoadDataOperation.swift in Sources */,
				D9F756C51E6DF37500F81911 /* ProfileViewController.swift in Sources */,
				D91826AE1E901A420079E533 /* ProfileModel.swift in Sources */,
				D944D8BE1E85E0F4004BAD8F /* ContactTableViewCell.swift in Sources */,
				D9CD8E771E869828004CD465 /* MessageModel.swift in Sources */,
				D9CD8E731E868FFF004CD465 /* ConversationViewController.swift in Sources */,
				D9F756C31E6DF37500F81911 /* AppDelegate.swift in Sources */,
				D912BE9F1E85B32100C53CB2 /* ContactModel.swift in Sources */,
				D912BE9C1E85A5FB00C53CB2 /* ConversationsListViewController.swift in Sources */,
				D9F9EF561E92C04D002EAE57 /* DataManager.swift in Sources */,
				D9F9EF531E92BF19002EAE57 /* OperationDataManager.swift in Sources */,
				D9A40D741EAD0082006445CC /* CommunicatorManager.swift in Sources */,
			);
			runOnlyForDeploymentPostprocessing = 0;
		};
/* End PBXSourcesBuildPhase section */

/* Begin PBXVariantGroup section */
		D9F756C61E6DF37500F81911 /* Main.storyboard */ = {
			isa = PBXVariantGroup;
			children = (
				D9F756C71E6DF37500F81911 /* Base */,
			);
			name = Main.storyboard;
			path = .;
			sourceTree = "<group>";
		};
		D9F756CB1E6DF37500F81911 /* LaunchScreen.storyboard */ = {
			isa = PBXVariantGroup;
			children = (
				D9F756CC1E6DF37500F81911 /* Base */,
			);
			name = LaunchScreen.storyboard;
			path = .;
			sourceTree = "<group>";
		};
/* End PBXVariantGroup section */

/* Begin XCBuildConfiguration section */
		D9F756CF1E6DF37500F81911 /* Debug */ = {
			isa = XCBuildConfiguration;
			buildSettings = {
				ALWAYS_SEARCH_USER_PATHS = NO;
				CLANG_ANALYZER_NONNULL = YES;
				CLANG_CXX_LANGUAGE_STANDARD = "gnu++0x";
				CLANG_CXX_LIBRARY = "libc++";
				CLANG_ENABLE_MODULES = YES;
				CLANG_ENABLE_OBJC_ARC = YES;
				CLANG_WARN_BOOL_CONVERSION = YES;
				CLANG_WARN_CONSTANT_CONVERSION = YES;
				CLANG_WARN_DIRECT_OBJC_ISA_USAGE = YES_ERROR;
				CLANG_WARN_DOCUMENTATION_COMMENTS = YES;
				CLANG_WARN_EMPTY_BODY = YES;
				CLANG_WARN_ENUM_CONVERSION = YES;
				CLANG_WARN_INFINITE_RECURSION = YES;
				CLANG_WARN_INT_CONVERSION = YES;
				CLANG_WARN_OBJC_ROOT_CLASS = YES_ERROR;
				CLANG_WARN_SUSPICIOUS_MOVE = YES;
				CLANG_WARN_UNREACHABLE_CODE = YES;
				CLANG_WARN__DUPLICATE_METHOD_MATCH = YES;
				"CODE_SIGN_IDENTITY[sdk=iphoneos*]" = "iPhone Developer";
				COPY_PHASE_STRIP = NO;
				DEBUG_INFORMATION_FORMAT = dwarf;
				ENABLE_STRICT_OBJC_MSGSEND = YES;
				ENABLE_TESTABILITY = YES;
				GCC_C_LANGUAGE_STANDARD = gnu99;
				GCC_DYNAMIC_NO_PIC = NO;
				GCC_NO_COMMON_BLOCKS = YES;
				GCC_OPTIMIZATION_LEVEL = 0;
				GCC_PREPROCESSOR_DEFINITIONS = (
					"DEBUG=1",
					"$(inherited)",
				);
				GCC_WARN_64_TO_32_BIT_CONVERSION = YES;
				GCC_WARN_ABOUT_RETURN_TYPE = YES_ERROR;
				GCC_WARN_UNDECLARED_SELECTOR = YES;
				GCC_WARN_UNINITIALIZED_AUTOS = YES_AGGRESSIVE;
				GCC_WARN_UNUSED_FUNCTION = YES;
				GCC_WARN_UNUSED_VARIABLE = YES;
				IPHONEOS_DEPLOYMENT_TARGET = 10.2;
				MTL_ENABLE_DEBUG_INFO = YES;
				ONLY_ACTIVE_ARCH = YES;
				SDKROOT = iphoneos;
				SWIFT_ACTIVE_COMPILATION_CONDITIONS = DEBUG;
				SWIFT_OPTIMIZATION_LEVEL = "-Onone";
			};
			name = Debug;
		};
		D9F756D01E6DF37500F81911 /* Release */ = {
			isa = XCBuildConfiguration;
			buildSettings = {
				ALWAYS_SEARCH_USER_PATHS = NO;
				CLANG_ANALYZER_NONNULL = YES;
				CLANG_CXX_LANGUAGE_STANDARD = "gnu++0x";
				CLANG_CXX_LIBRARY = "libc++";
				CLANG_ENABLE_MODULES = YES;
				CLANG_ENABLE_OBJC_ARC = YES;
				CLANG_WARN_BOOL_CONVERSION = YES;
				CLANG_WARN_CONSTANT_CONVERSION = YES;
				CLANG_WARN_DIRECT_OBJC_ISA_USAGE = YES_ERROR;
				CLANG_WARN_DOCUMENTATION_COMMENTS = YES;
				CLANG_WARN_EMPTY_BODY = YES;
				CLANG_WARN_ENUM_CONVERSION = YES;
				CLANG_WARN_INFINITE_RECURSION = YES;
				CLANG_WARN_INT_CONVERSION = YES;
				CLANG_WARN_OBJC_ROOT_CLASS = YES_ERROR;
				CLANG_WARN_SUSPICIOUS_MOVE = YES;
				CLANG_WARN_UNREACHABLE_CODE = YES;
				CLANG_WARN__DUPLICATE_METHOD_MATCH = YES;
				"CODE_SIGN_IDENTITY[sdk=iphoneos*]" = "iPhone Developer";
				COPY_PHASE_STRIP = NO;
				DEBUG_INFORMATION_FORMAT = "dwarf-with-dsym";
				ENABLE_NS_ASSERTIONS = NO;
				ENABLE_STRICT_OBJC_MSGSEND = YES;
				GCC_C_LANGUAGE_STANDARD = gnu99;
				GCC_NO_COMMON_BLOCKS = YES;
				GCC_WARN_64_TO_32_BIT_CONVERSION = YES;
				GCC_WARN_ABOUT_RETURN_TYPE = YES_ERROR;
				GCC_WARN_UNDECLARED_SELECTOR = YES;
				GCC_WARN_UNINITIALIZED_AUTOS = YES_AGGRESSIVE;
				GCC_WARN_UNUSED_FUNCTION = YES;
				GCC_WARN_UNUSED_VARIABLE = YES;
				IPHONEOS_DEPLOYMENT_TARGET = 10.2;
				MTL_ENABLE_DEBUG_INFO = NO;
				SDKROOT = iphoneos;
				SWIFT_OPTIMIZATION_LEVEL = "-Owholemodule";
				VALIDATE_PRODUCT = YES;
			};
			name = Release;
		};
		D9F756D21E6DF37500F81911 /* Debug */ = {
			isa = XCBuildConfiguration;
			buildSettings = {
				ASSETCATALOG_COMPILER_APPICON_NAME = AppIcon;
				DEVELOPMENT_TEAM = 267PJJJ98S;
				INFOPLIST_FILE = TinkoffChat/Info.plist;
				LD_RUNPATH_SEARCH_PATHS = "$(inherited) @executable_path/Frameworks";
				PRODUCT_BUNDLE_IDENTIFIER = fuck.name.TinkoffChat;
				PRODUCT_NAME = "$(TARGET_NAME)";
				SWIFT_VERSION = 3.0;
			};
			name = Debug;
		};
		D9F756D31E6DF37500F81911 /* Release */ = {
			isa = XCBuildConfiguration;
			buildSettings = {
				ASSETCATALOG_COMPILER_APPICON_NAME = AppIcon;
				DEVELOPMENT_TEAM = 267PJJJ98S;
				INFOPLIST_FILE = TinkoffChat/Info.plist;
				LD_RUNPATH_SEARCH_PATHS = "$(inherited) @executable_path/Frameworks";
				PRODUCT_BUNDLE_IDENTIFIER = fuck.name.TinkoffChat;
				PRODUCT_NAME = "$(TARGET_NAME)";
				SWIFT_VERSION = 3.0;
			};
			name = Release;
		};
/* End XCBuildConfiguration section */

/* Begin XCConfigurationList section */
		D9F756BA1E6DF37500F81911 /* Build configuration list for PBXProject "TinkoffChat" */ = {
			isa = XCConfigurationList;
			buildConfigurations = (
				D9F756CF1E6DF37500F81911 /* Debug */,
				D9F756D01E6DF37500F81911 /* Release */,
			);
			defaultConfigurationIsVisible = 0;
			defaultConfigurationName = Release;
		};
		D9F756D11E6DF37500F81911 /* Build configuration list for PBXNativeTarget "TinkoffChat" */ = {
			isa = XCConfigurationList;
			buildConfigurations = (
				D9F756D21E6DF37500F81911 /* Debug */,
				D9F756D31E6DF37500F81911 /* Release */,
			);
			defaultConfigurationIsVisible = 0;
			defaultConfigurationName = Release;
		};
/* End XCConfigurationList section */
	};
	rootObject = D9F756B71E6DF37500F81911 /* Project object */;
}
